
Microsoft Visual Studio Solution File, Format Version 12.00
# Visual Studio Version 17
VisualStudioVersion = 17.6.33829.357
MinimumVisualStudioVersion = 10.0.40219.1
Project("{2150E333-8FDC-42A3-9474-1A3956D46DE8}") = "src", "src", "{62933CAB-9597-41F7-9003-2BE45D3F019E}"
EndProject
Project("{2150E333-8FDC-42A3-9474-1A3956D46DE8}") = "Project", "Project", "{2E59C5A0-460A-4C85-A14D-DE71BCB52DAC}"
EndProject
Project("{9A19103F-16F7-4668-BE54-9A1E7A4F7556}") = "Application", "src\project\Application\Application.csproj", "{C69ACB46-8EBF-4CD7-A9E1-52A048CFB670}"
EndProject
Project("{9A19103F-16F7-4668-BE54-9A1E7A4F7556}") = "Domain", "src\project\Domain\Domain.csproj", "{63FD4228-5AF8-4342-8F5A-58BD6362AAE6}"
EndProject
Project("{9A19103F-16F7-4668-BE54-9A1E7A4F7556}") = "Persistence", "src\project\Persistence\Persistence.csproj", "{3DFC83E9-A54A-423F-A4D3-E9F9F23712DD}"
EndProject
Project("{9A19103F-16F7-4668-BE54-9A1E7A4F7556}") = "WebAPI", "src\project\WebAPI\WebAPI.csproj", "{9F48DCFF-3867-4F6C-BAE0-D1182E7FF2B9}"
EndProject
Project("{2150E333-8FDC-42A3-9474-1A3956D46DE8}") = "corePackage", "corePackage", "{FE5E0C67-9F10-421D-9642-3DD34BCB41E8}"
EndProject
Project("{FAE04EC0-301F-11D3-BF4B-00C04F79EFBC}") = "Core.Application", "src\corePackage\Core.Application\Core.Application.csproj", "{86B5A1D9-BFCD-4F86-8ED4-35D00BE14C72}"
EndProject
Project("{FAE04EC0-301F-11D3-BF4B-00C04F79EFBC}") = "Core.CrossCuttingConcers", "src\corePackage\Core.CrossCuttingConcers\Core.CrossCuttingConcers.csproj", "{883B845B-C278-4BB1-BDE6-FC27FD541689}"
EndProject
Project("{FAE04EC0-301F-11D3-BF4B-00C04F79EFBC}") = "Core.ElasticSearch", "src\corePackage\Core.ElasticSearch\Core.ElasticSearch.csproj", "{A251C115-DE46-4621-B6F9-33F7BA0FE021}"
EndProject
Project("{FAE04EC0-301F-11D3-BF4B-00C04F79EFBC}") = "Core.Mailing", "src\corePackage\Core.Mailing\Core.Mailing.csproj", "{D9D8E805-D9B5-4A1E-B008-CF8BB6A12D2D}"
EndProject
Project("{FAE04EC0-301F-11D3-BF4B-00C04F79EFBC}") = "Core.Persistence", "src\corePackage\Core.Persistence\Core.Persistence.csproj", "{48F0BF27-3FBB-4BAD-A87D-882D7F7D3452}"
EndProject
Project("{FAE04EC0-301F-11D3-BF4B-00C04F79EFBC}") = "Core.Security", "src\corePackage\Core.Security\Core.Security.csproj", "{325AB327-4B65-424E-9A47-633D1F294A29}"
EndProject
Global
	GlobalSection(SolutionConfigurationPlatforms) = preSolution
		Debug|Any CPU = Debug|Any CPU
		Release|Any CPU = Release|Any CPU
	EndGlobalSection
	GlobalSection(ProjectConfigurationPlatforms) = postSolution
		{C69ACB46-8EBF-4CD7-A9E1-52A048CFB670}.Debug|Any CPU.ActiveCfg = Debug|Any CPU
		{C69ACB46-8EBF-4CD7-A9E1-52A048CFB670}.Debug|Any CPU.Build.0 = Debug|Any CPU
		{C69ACB46-8EBF-4CD7-A9E1-52A048CFB670}.Release|Any CPU.ActiveCfg = Release|Any CPU
		{C69ACB46-8EBF-4CD7-A9E1-52A048CFB670}.Release|Any CPU.Build.0 = Release|Any CPU
		{63FD4228-5AF8-4342-8F5A-58BD6362AAE6}.Debug|Any CPU.ActiveCfg = Debug|Any CPU
		{63FD4228-5AF8-4342-8F5A-58BD6362AAE6}.Debug|Any CPU.Build.0 = Debug|Any CPU
		{63FD4228-5AF8-4342-8F5A-58BD6362AAE6}.Release|Any CPU.ActiveCfg = Release|Any CPU
		{63FD4228-5AF8-4342-8F5A-58BD6362AAE6}.Release|Any CPU.Build.0 = Release|Any CPU
		{3DFC83E9-A54A-423F-A4D3-E9F9F23712DD}.Debug|Any CPU.ActiveCfg = Debug|Any CPU
		{3DFC83E9-A54A-423F-A4D3-E9F9F23712DD}.Debug|Any CPU.Build.0 = Debug|Any CPU
		{3DFC83E9-A54A-423F-A4D3-E9F9F23712DD}.Release|Any CPU.ActiveCfg = Release|Any CPU
		{3DFC83E9-A54A-423F-A4D3-E9F9F23712DD}.Release|Any CPU.Build.0 = Release|Any CPU
		{9F48DCFF-3867-4F6C-BAE0-D1182E7FF2B9}.Debug|Any CPU.ActiveCfg = Debug|Any CPU
		{9F48DCFF-3867-4F6C-BAE0-D1182E7FF2B9}.Debug|Any CPU.Build.0 = Debug|Any CPU
		{9F48DCFF-3867-4F6C-BAE0-D1182E7FF2B9}.Release|Any CPU.ActiveCfg = Release|Any CPU
		{9F48DCFF-3867-4F6C-BAE0-D1182E7FF2B9}.Release|Any CPU.Build.0 = Release|Any CPU
		{86B5A1D9-BFCD-4F86-8ED4-35D00BE14C72}.Debug|Any CPU.ActiveCfg = Debug|Any CPU
		{86B5A1D9-BFCD-4F86-8ED4-35D00BE14C72}.Debug|Any CPU.Build.0 = Debug|Any CPU
		{86B5A1D9-BFCD-4F86-8ED4-35D00BE14C72}.Release|Any CPU.ActiveCfg = Release|Any CPU
		{86B5A1D9-BFCD-4F86-8ED4-35D00BE14C72}.Release|Any CPU.Build.0 = Release|Any CPU
		{883B845B-C278-4BB1-BDE6-FC27FD541689}.Debug|Any CPU.ActiveCfg = Debug|Any CPU
		{883B845B-C278-4BB1-BDE6-FC27FD541689}.Debug|Any CPU.Build.0 = Debug|Any CPU
		{883B845B-C278-4BB1-BDE6-FC27FD541689}.Release|Any CPU.ActiveCfg = Release|Any CPU
		{883B845B-C278-4BB1-BDE6-FC27FD541689}.Release|Any CPU.Build.0 = Release|Any CPU
		{A251C115-DE46-4621-B6F9-33F7BA0FE021}.Debug|Any CPU.ActiveCfg = Debug|Any CPU
		{A251C115-DE46-4621-B6F9-33F7BA0FE021}.Debug|Any CPU.Build.0 = Debug|Any CPU
		{A251C115-DE46-4621-B6F9-33F7BA0FE021}.Release|Any CPU.ActiveCfg = Release|Any CPU
		{A251C115-DE46-4621-B6F9-33F7BA0FE021}.Release|Any CPU.Build.0 = Release|Any CPU
		{D9D8E805-D9B5-4A1E-B008-CF8BB6A12D2D}.Debug|Any CPU.ActiveCfg = Debug|Any CPU
		{D9D8E805-D9B5-4A1E-B008-CF8BB6A12D2D}.Debug|Any CPU.Build.0 = Debug|Any CPU
		{D9D8E805-D9B5-4A1E-B008-CF8BB6A12D2D}.Release|Any CPU.ActiveCfg = Release|Any CPU
		{D9D8E805-D9B5-4A1E-B008-CF8BB6A12D2D}.Release|Any CPU.Build.0 = Release|Any CPU
		{48F0BF27-3FBB-4BAD-A87D-882D7F7D3452}.Debug|Any CPU.ActiveCfg = Debug|Any CPU
		{48F0BF27-3FBB-4BAD-A87D-882D7F7D3452}.Debug|Any CPU.Build.0 = Debug|Any CPU
		{48F0BF27-3FBB-4BAD-A87D-882D7F7D3452}.Release|Any CPU.ActiveCfg = Release|Any CPU
		{48F0BF27-3FBB-4BAD-A87D-882D7F7D3452}.Release|Any CPU.Build.0 = Release|Any CPU
		{325AB327-4B65-424E-9A47-633D1F294A29}.Debug|Any CPU.ActiveCfg = Debug|Any CPU
		{325AB327-4B65-424E-9A47-633D1F294A29}.Debug|Any CPU.Build.0 = Debug|Any CPU
		{325AB327-4B65-424E-9A47-633D1F294A29}.Release|Any CPU.ActiveCfg = Release|Any CPU
		{325AB327-4B65-424E-9A47-633D1F294A29}.Release|Any CPU.Build.0 = Release|Any CPU
	EndGlobalSection
	GlobalSection(SolutionProperties) = preSolution
		HideSolutionNode = FALSE
	EndGlobalSection
	GlobalSection(NestedProjects) = preSolution
		{2E59C5A0-460A-4C85-A14D-DE71BCB52DAC} = {62933CAB-9597-41F7-9003-2BE45D3F019E}
		{C69ACB46-8EBF-4CD7-A9E1-52A048CFB670} = {2E59C5A0-460A-4C85-A14D-DE71BCB52DAC}
		{63FD4228-5AF8-4342-8F5A-58BD6362AAE6} = {2E59C5A0-460A-4C85-A14D-DE71BCB52DAC}
		{3DFC83E9-A54A-423F-A4D3-E9F9F23712DD} = {2E59C5A0-460A-4C85-A14D-DE71BCB52DAC}
		{9F48DCFF-3867-4F6C-BAE0-D1182E7FF2B9} = {2E59C5A0-460A-4C85-A14D-DE71BCB52DAC}
		{FE5E0C67-9F10-421D-9642-3DD34BCB41E8} = {62933CAB-9597-41F7-9003-2BE45D3F019E}
		{86B5A1D9-BFCD-4F86-8ED4-35D00BE14C72} = {FE5E0C67-9F10-421D-9642-3DD34BCB41E8}
		{883B845B-C278-4BB1-BDE6-FC27FD541689} = {FE5E0C67-9F10-421D-9642-3DD34BCB41E8}
		{A251C115-DE46-4621-B6F9-33F7BA0FE021} = {FE5E0C67-9F10-421D-9642-3DD34BCB41E8}
		{D9D8E805-D9B5-4A1E-B008-CF8BB6A12D2D} = {FE5E0C67-9F10-421D-9642-3DD34BCB41E8}
		{48F0BF27-3FBB-4BAD-A87D-882D7F7D3452} = {FE5E0C67-9F10-421D-9642-3DD34BCB41E8}
		{325AB327-4B65-424E-9A47-633D1F294A29} = {FE5E0C67-9F10-421D-9642-3DD34BCB41E8}
	EndGlobalSection
	GlobalSection(ExtensibilityGlobals) = postSolution
		SolutionGuid = {F1F109C7-021F-46BD-9FAC-44717CB8232A}
	EndGlobalSection
EndGlobal
